
Microsoft Visual Studio Solution File, Format Version 12.00
# Visual Studio Version 16
VisualStudioVersion = 16.0.30406.217
MinimumVisualStudioVersion = 10.0.40219.1
Project("{FAE04EC0-301F-11D3-BF4B-00C04F79EFBC}") = "UgyeletFigyelo", "UgyeletFigyelo\UgyeletFigyelo.csproj", "{FCEC443B-66C0-4BD6-98AD-C0DF1C643B30}"
EndProject
Global
	GlobalSection(SolutionConfigurationPlatforms) = preSolution
		Debug|Any CPU = Debug|Any CPU
		Release|Any CPU = Release|Any CPU
	EndGlobalSection
	GlobalSection(ProjectConfigurationPlatforms) = postSolution
		{FCEC443B-66C0-4BD6-98AD-C0DF1C643B30}.Debug|Any CPU.ActiveCfg = Debug|Any CPU
		{FCEC443B-66C0-4BD6-98AD-C0DF1C643B30}.Debug|Any CPU.Build.0 = Debug|Any CPU
		{FCEC443B-66C0-4BD6-98AD-C0DF1C643B30}.Release|Any CPU.ActiveCfg = Release|Any CPU
		{FCEC443B-66C0-4BD6-98AD-C0DF1C643B30}.Release|Any CPU.Build.0 = Release|Any CPU
	EndGlobalSection
	GlobalSection(SolutionProperties) = preSolution
		HideSolutionNode = FALSE
	EndGlobalSection
	GlobalSection(ExtensibilityGlobals) = postSolution
		SolutionGuid = {8C76A9B9-FA3B-48BC-85BE-87F8CF573957}
	EndGlobalSection
EndGlobal
